
Microsoft Visual Studio Solution File, Format Version 12.00
# Visual Studio Version 17
VisualStudioVersion = 17.1.32414.318
MinimumVisualStudioVersion = 10.0.40219.1
Project("{FAE04EC0-301F-11D3-BF4B-00C04F79EFBC}") = "Contact Tracing", "Contact Tracing.csproj", "{F454A6BE-23DF-4C29-B36A-C3416F4F88F1}"
EndProject
Project("{2150E333-8FDC-42A3-9474-1A3956D46DE8}") = "Solution Items", "Solution Items", "{637CE4B8-1BEE-4A2F-9BB3-EE12158590F1}"
	ProjectSection(SolutionItems) = preProject
		.editorconfig = .editorconfig
	EndProjectSection
EndProject
Global
	GlobalSection(SolutionConfigurationPlatforms) = preSolution
		Debug|Any CPU = Debug|Any CPU
		Release|Any CPU = Release|Any CPU
	EndGlobalSection
	GlobalSection(ProjectConfigurationPlatforms) = postSolution
		{F454A6BE-23DF-4C29-B36A-C3416F4F88F1}.Debug|Any CPU.ActiveCfg = Debug|Any CPU
		{F454A6BE-23DF-4C29-B36A-C3416F4F88F1}.Debug|Any CPU.Build.0 = Debug|Any CPU
		{F454A6BE-23DF-4C29-B36A-C3416F4F88F1}.Release|Any CPU.ActiveCfg = Release|Any CPU
		{F454A6BE-23DF-4C29-B36A-C3416F4F88F1}.Release|Any CPU.Build.0 = Release|Any CPU
	EndGlobalSection
	GlobalSection(SolutionProperties) = preSolution
		HideSolutionNode = FALSE
	EndGlobalSection
	GlobalSection(ExtensibilityGlobals) = postSolution
		SolutionGuid = {6B19961B-FE1B-4DC2-8EA1-3C4E4E4C7360}
	EndGlobalSection
EndGlobal
